
Microsoft Visual Studio Solution File, Format Version 12.00
# Visual Studio 15
VisualStudioVersion = 15.0.26730.15
MinimumVisualStudioVersion = 10.0.40219.1
Project("{2150E333-8FDC-42A3-9474-1A3956D46DE8}") = "Solution Items", "Solution Items", "{976A4C85-4B29-48DA-A3C7-D0F2120BA510}"
	ProjectSection(SolutionItems) = preProject
		Edges.json = Edges.json
		Edges.txt = Edges.txt
		FormatEdge.js = FormatEdge.js
		Vertices.txt = Vertices.txt
	EndProjectSection
EndProject
Project("{FAE04EC0-301F-11D3-BF4B-00C04F79EFBC}") = "PushDocs", "PushDocs\PushDocs.csproj", "{32A862CE-BB9A-4A24-8B61-4F023AC22646}"
EndProject
Global
	GlobalSection(SolutionConfigurationPlatforms) = preSolution
		Debug|Any CPU = Debug|Any CPU
		Release|Any CPU = Release|Any CPU
	EndGlobalSection
	GlobalSection(ProjectConfigurationPlatforms) = postSolution
		{32A862CE-BB9A-4A24-8B61-4F023AC22646}.Debug|Any CPU.ActiveCfg = Debug|Any CPU
		{32A862CE-BB9A-4A24-8B61-4F023AC22646}.Debug|Any CPU.Build.0 = Debug|Any CPU
		{32A862CE-BB9A-4A24-8B61-4F023AC22646}.Release|Any CPU.ActiveCfg = Release|Any CPU
		{32A862CE-BB9A-4A24-8B61-4F023AC22646}.Release|Any CPU.Build.0 = Release|Any CPU
	EndGlobalSection
	GlobalSection(SolutionProperties) = preSolution
		HideSolutionNode = FALSE
	EndGlobalSection
	GlobalSection(ExtensibilityGlobals) = postSolution
		SolutionGuid = {170AA503-BD46-484A-8B46-D647612D759B}
	EndGlobalSection
EndGlobal
