
Microsoft Visual Studio Solution File, Format Version 12.00
# Visual Studio 15
VisualStudioVersion = 15.0.26730.12
MinimumVisualStudioVersion = 10.0.40219.1
Project("{2150E333-8FDC-42A3-9474-1A3956D46DE8}") = "Solution Items", "Solution Items", "{976A4C85-4B29-48DA-A3C7-D0F2120BA510}"
	ProjectSection(SolutionItems) = preProject
		Edges.txt = Edges.txt
		Vertices.txt = Vertices.txt
	EndProjectSection
EndProject
Global
	GlobalSection(SolutionProperties) = preSolution
		HideSolutionNode = FALSE
	EndGlobalSection
	GlobalSection(ExtensibilityGlobals) = postSolution
		SolutionGuid = {170AA503-BD46-484A-8B46-D647612D759B}
	EndGlobalSection
EndGlobal
