
Microsoft Visual Studio Solution File, Format Version 12.00
# Visual Studio 15
VisualStudioVersion = 15.0.27703.2018
MinimumVisualStudioVersion = 10.0.40219.1
Project("{151D2E53-A2C4-4D7D-83FE-D05416EBD58E}") = "Deployment", "Deployment\Deployment.deployproj", "{465C5487-C80D-4735-BD65-00FD3D53B25C}"
EndProject
Project("{2150E333-8FDC-42A3-9474-1A3956D46DE8}") = "Solution Items", "Solution Items", "{B90E68F8-8FA3-44A0-8048-2128EF92CED7}"
	ProjectSection(SolutionItems) = preProject
		README.md = README.md
	EndProjectSection
EndProject
Project("{FAE04EC0-301F-11D3-BF4B-00C04F79EFBC}") = "TestConsoleApp", "TestConsoleApp\TestConsoleApp.csproj", "{018DAB9D-1D2F-49FA-8C2D-CE9E70BFD373}"
EndProject
Global
	GlobalSection(SolutionConfigurationPlatforms) = preSolution
		Debug|Any CPU = Debug|Any CPU
		Release|Any CPU = Release|Any CPU
	EndGlobalSection
	GlobalSection(ProjectConfigurationPlatforms) = postSolution
		{465C5487-C80D-4735-BD65-00FD3D53B25C}.Debug|Any CPU.ActiveCfg = Debug|Any CPU
		{465C5487-C80D-4735-BD65-00FD3D53B25C}.Debug|Any CPU.Build.0 = Debug|Any CPU
		{465C5487-C80D-4735-BD65-00FD3D53B25C}.Release|Any CPU.ActiveCfg = Release|Any CPU
		{465C5487-C80D-4735-BD65-00FD3D53B25C}.Release|Any CPU.Build.0 = Release|Any CPU
		{018DAB9D-1D2F-49FA-8C2D-CE9E70BFD373}.Debug|Any CPU.ActiveCfg = Debug|Any CPU
		{018DAB9D-1D2F-49FA-8C2D-CE9E70BFD373}.Debug|Any CPU.Build.0 = Debug|Any CPU
		{018DAB9D-1D2F-49FA-8C2D-CE9E70BFD373}.Release|Any CPU.ActiveCfg = Release|Any CPU
		{018DAB9D-1D2F-49FA-8C2D-CE9E70BFD373}.Release|Any CPU.Build.0 = Release|Any CPU
	EndGlobalSection
	GlobalSection(SolutionProperties) = preSolution
		HideSolutionNode = FALSE
	EndGlobalSection
	GlobalSection(ExtensibilityGlobals) = postSolution
		SolutionGuid = {096F5793-9E14-44B8-B995-31BD1D839D85}
	EndGlobalSection
EndGlobal
