
Microsoft Visual Studio Solution File, Format Version 12.00
# Visual Studio 15
VisualStudioVersion = 15.0.27004.2002
MinimumVisualStudioVersion = 10.0.40219.1
Project("{FAE04EC0-301F-11D3-BF4B-00C04F79EFBC}") = "ConsoleApp1", "ConsoleApp1\ConsoleApp1.csproj", "{7B9018E1-B09D-4CCD-A5EE-C754EC8AEB61}"
EndProject
Global
	GlobalSection(SolutionConfigurationPlatforms) = preSolution
		Debug|Any CPU = Debug|Any CPU
		Release|Any CPU = Release|Any CPU
	EndGlobalSection
	GlobalSection(ProjectConfigurationPlatforms) = postSolution
		{7B9018E1-B09D-4CCD-A5EE-C754EC8AEB61}.Debug|Any CPU.ActiveCfg = Debug|Any CPU
		{7B9018E1-B09D-4CCD-A5EE-C754EC8AEB61}.Debug|Any CPU.Build.0 = Debug|Any CPU
		{7B9018E1-B09D-4CCD-A5EE-C754EC8AEB61}.Release|Any CPU.ActiveCfg = Release|Any CPU
		{7B9018E1-B09D-4CCD-A5EE-C754EC8AEB61}.Release|Any CPU.Build.0 = Release|Any CPU
	EndGlobalSection
	GlobalSection(SolutionProperties) = preSolution
		HideSolutionNode = FALSE
	EndGlobalSection
	GlobalSection(ExtensibilityGlobals) = postSolution
		SolutionGuid = {26BEE589-20CC-4EF6-94DD-C6FDD0E6A308}
	EndGlobalSection
EndGlobal
